
Microsoft Visual Studio Solution File, Format Version 12.00
# Visual Studio Version 17
VisualStudioVersion = 17.11.35312.102
MinimumVisualStudioVersion = 10.0.40219.1
Project("{FAE04EC0-301F-11D3-BF4B-00C04F79EFBC}") = "Monostori_Robert_backend", "Monostori_Robert_backend\Monostori_Robert_backend.csproj", "{95549D91-ECEC-438A-A8ED-C3ECDEFC1E1C}"
EndProject
Global
	GlobalSection(SolutionConfigurationPlatforms) = preSolution
		Debug|Any CPU = Debug|Any CPU
		Release|Any CPU = Release|Any CPU
	EndGlobalSection
	GlobalSection(ProjectConfigurationPlatforms) = postSolution
		{95549D91-ECEC-438A-A8ED-C3ECDEFC1E1C}.Debug|Any CPU.ActiveCfg = Debug|Any CPU
		{95549D91-ECEC-438A-A8ED-C3ECDEFC1E1C}.Debug|Any CPU.Build.0 = Debug|Any CPU
		{95549D91-ECEC-438A-A8ED-C3ECDEFC1E1C}.Release|Any CPU.ActiveCfg = Release|Any CPU
		{95549D91-ECEC-438A-A8ED-C3ECDEFC1E1C}.Release|Any CPU.Build.0 = Release|Any CPU
	EndGlobalSection
	GlobalSection(SolutionProperties) = preSolution
		HideSolutionNode = FALSE
	EndGlobalSection
	GlobalSection(ExtensibilityGlobals) = postSolution
		SolutionGuid = {DBB6BA8D-3C55-4F8C-9D20-E3FCE3F09F7A}
	EndGlobalSection
EndGlobal
